
Microsoft Visual Studio Solution File, Format Version 12.00
# Visual Studio Version 16
VisualStudioVersion = 16.0.31702.278
MinimumVisualStudioVersion = 10.0.40219.1
Project("{FAE04EC0-301F-11D3-BF4B-00C04F79EFBC}") = "Calculadora", "Calculadora\Calculadora.csproj", "{F1908C73-C125-4BF3-B7ED-38C52E63FBD8}"
EndProject
Global
	GlobalSection(SolutionConfigurationPlatforms) = preSolution
		Debug|Any CPU = Debug|Any CPU
		Release|Any CPU = Release|Any CPU
	EndGlobalSection
	GlobalSection(ProjectConfigurationPlatforms) = postSolution
		{F1908C73-C125-4BF3-B7ED-38C52E63FBD8}.Debug|Any CPU.ActiveCfg = Debug|Any CPU
		{F1908C73-C125-4BF3-B7ED-38C52E63FBD8}.Debug|Any CPU.Build.0 = Debug|Any CPU
		{F1908C73-C125-4BF3-B7ED-38C52E63FBD8}.Release|Any CPU.ActiveCfg = Release|Any CPU
		{F1908C73-C125-4BF3-B7ED-38C52E63FBD8}.Release|Any CPU.Build.0 = Release|Any CPU
	EndGlobalSection
	GlobalSection(SolutionProperties) = preSolution
		HideSolutionNode = FALSE
	EndGlobalSection
	GlobalSection(ExtensibilityGlobals) = postSolution
		SolutionGuid = {FDCAC35F-0782-455D-AA2D-964BEB7EA977}
	EndGlobalSection
EndGlobal
